{
  "name": "freaky-wedding",
  "lockfileVersion": 2,
  "requires": true,
  "packages": {
    "": {
      "dependencies": {
        "@whitesmith/qnorr-styles": "^0.3.5"
      }
    },
    "node_modules/@whitesmith/qnorr-styles": {
      "version": "0.3.5",
      "resolved": "https://registry.npmjs.org/@whitesmith/qnorr-styles/-/qnorr-styles-0.3.5.tgz",
      "integrity": "sha512-kIpobacBO/rINB2VMQ7GHRM00RcaDttkuMwiFamLcCprrLTAv4duAOp1ockBnBsvsY1qh4uGB0kj5i3LKGNc8w==",
      "dependencies": {
        "mappy-breakpoints": "^0.2.3",
        "normalize.css": "^8.0.1"
      }
    },
    "node_modules/mappy-breakpoints": {
      "version": "0.2.3",
      "resolved": "https://registry.npmjs.org/mappy-breakpoints/-/mappy-breakpoints-0.2.3.tgz",
      "integrity": "sha1-55ZqFe6louprSJXSW364It199Fs="
    },
    "node_modules/normalize.css": {
      "version": "8.0.1",
      "resolved": "https://registry.npmjs.org/normalize.css/-/normalize.css-8.0.1.tgz",
      "integrity": "sha512-qizSNPO93t1YUuUhP22btGOo3chcvDFqFaj2TRybP0DMxkHOCTYwp3n34fel4a31ORXy4m1Xq0Gyqpb5m33qIg=="
    }
  },
  "dependencies": {
    "@whitesmith/qnorr-styles": {
      "version": "0.3.5",
      "resolved": "https://registry.npmjs.org/@whitesmith/qnorr-styles/-/qnorr-styles-0.3.5.tgz",
      "integrity": "sha512-kIpobacBO/rINB2VMQ7GHRM00RcaDttkuMwiFamLcCprrLTAv4duAOp1ockBnBsvsY1qh4uGB0kj5i3LKGNc8w==",
      "requires": {
        "mappy-breakpoints": "^0.2.3",
        "normalize.css": "^8.0.1"
      }
    },
    "mappy-breakpoints": {
      "version": "0.2.3",
      "resolved": "https://registry.npmjs.org/mappy-breakpoints/-/mappy-breakpoints-0.2.3.tgz",
      "integrity": "sha1-55ZqFe6louprSJXSW364It199Fs="
    },
    "normalize.css": {
      "version": "8.0.1",
      "resolved": "https://registry.npmjs.org/normalize.css/-/normalize.css-8.0.1.tgz",
      "integrity": "sha512-qizSNPO93t1YUuUhP22btGOo3chcvDFqFaj2TRybP0DMxkHOCTYwp3n34fel4a31ORXy4m1Xq0Gyqpb5m33qIg=="
    }
  }
}
